
Microsoft Visual Studio Solution File, Format Version 12.00
# Visual Studio 15
VisualStudioVersion = 15.0.28307.421
MinimumVisualStudioVersion = 10.0.40219.1
Project("{FAE04EC0-301F-11D3-BF4B-00C04F79EFBC}") = "Task32", "Task32\Task32.csproj", "{4A6858D4-6691-4CC7-A1A8-A9E2576D1121}"
EndProject
Global
	GlobalSection(SolutionConfigurationPlatforms) = preSolution
		Debug|Any CPU = Debug|Any CPU
		Release|Any CPU = Release|Any CPU
	EndGlobalSection
	GlobalSection(ProjectConfigurationPlatforms) = postSolution
		{4A6858D4-6691-4CC7-A1A8-A9E2576D1121}.Debug|Any CPU.ActiveCfg = Debug|Any CPU
		{4A6858D4-6691-4CC7-A1A8-A9E2576D1121}.Debug|Any CPU.Build.0 = Debug|Any CPU
		{4A6858D4-6691-4CC7-A1A8-A9E2576D1121}.Release|Any CPU.ActiveCfg = Release|Any CPU
		{4A6858D4-6691-4CC7-A1A8-A9E2576D1121}.Release|Any CPU.Build.0 = Release|Any CPU
	EndGlobalSection
	GlobalSection(SolutionProperties) = preSolution
		HideSolutionNode = FALSE
	EndGlobalSection
	GlobalSection(ExtensibilityGlobals) = postSolution
		SolutionGuid = {286D50EF-741E-4461-9E37-E4479E714F57}
	EndGlobalSection
EndGlobal
