
Microsoft Visual Studio Solution File, Format Version 12.00
# Visual Studio 15
VisualStudioVersion = 15.0.28307.421
MinimumVisualStudioVersion = 10.0.40219.1
Project("{FAE04EC0-301F-11D3-BF4B-00C04F79EFBC}") = "Task3Graphics", "Task3Graphics\Task3Graphics.csproj", "{6FD0B609-83AB-4DEE-A7AE-050EB49052D4}"
EndProject
Global
	GlobalSection(SolutionConfigurationPlatforms) = preSolution
		Debug|Any CPU = Debug|Any CPU
		Release|Any CPU = Release|Any CPU
	EndGlobalSection
	GlobalSection(ProjectConfigurationPlatforms) = postSolution
		{6FD0B609-83AB-4DEE-A7AE-050EB49052D4}.Debug|Any CPU.ActiveCfg = Debug|Any CPU
		{6FD0B609-83AB-4DEE-A7AE-050EB49052D4}.Debug|Any CPU.Build.0 = Debug|Any CPU
		{6FD0B609-83AB-4DEE-A7AE-050EB49052D4}.Release|Any CPU.ActiveCfg = Release|Any CPU
		{6FD0B609-83AB-4DEE-A7AE-050EB49052D4}.Release|Any CPU.Build.0 = Release|Any CPU
	EndGlobalSection
	GlobalSection(SolutionProperties) = preSolution
		HideSolutionNode = FALSE
	EndGlobalSection
	GlobalSection(ExtensibilityGlobals) = postSolution
		SolutionGuid = {53A3B39A-5CD0-448F-AA6C-D9494D8AF556}
	EndGlobalSection
EndGlobal
